<Solution>
  <Configurations>
    <Platform Name="x64" />
    <Platform Name="x86" />
  </Configurations>
  <Project Path="../class1th (stream)/class1th (stream).vcxproj" Id="2df56f26-1854-4d7c-82f0-4673f1d6e2b2" />
  <Project Path="../class2th (class)/class2th (class).vcxproj" Id="a95fc3ea-af5e-4067-ac97-9b9c33a851e6" />
  <Project Path="prograam.vcxproj" Id="ccd1585f-37d7-4581-a9da-2695b7392faf" />
</Solution>
